
Microsoft Visual Studio Solution File, Format Version 11.00
# Visual Studio 2010
Project("{FAE04EC0-301F-11D3-BF4B-00C04F79EFBC}") = "NashEquilibriaEvolution", "NashEquilibriaEvolution\NashEquilibriaEvolution.csproj", "{7BB024F9-1E9B-47EA-A623-D9B3CAE969C7}"
EndProject
Project("{FAE04EC0-301F-11D3-BF4B-00C04F79EFBC}") = "LeducEvolution", "LeducEvolution\LeducEvolution.csproj", "{75A7AC92-B221-466A-B49E-74C2E11A07AA}"
EndProject
Global
	GlobalSection(SolutionConfigurationPlatforms) = preSolution
		Debug|Any CPU = Debug|Any CPU
		Debug|Mixed Platforms = Debug|Mixed Platforms
		Debug|x86 = Debug|x86
		Release|Any CPU = Release|Any CPU
		Release|Mixed Platforms = Release|Mixed Platforms
		Release|x86 = Release|x86
	EndGlobalSection
	GlobalSection(ProjectConfigurationPlatforms) = postSolution
		{7BB024F9-1E9B-47EA-A623-D9B3CAE969C7}.Debug|Any CPU.ActiveCfg = Debug|Any CPU
		{7BB024F9-1E9B-47EA-A623-D9B3CAE969C7}.Debug|Any CPU.Build.0 = Debug|Any CPU
		{7BB024F9-1E9B-47EA-A623-D9B3CAE969C7}.Debug|Mixed Platforms.ActiveCfg = Debug|Any CPU
		{7BB024F9-1E9B-47EA-A623-D9B3CAE969C7}.Debug|Mixed Platforms.Build.0 = Debug|Any CPU
		{7BB024F9-1E9B-47EA-A623-D9B3CAE969C7}.Debug|x86.ActiveCfg = Debug|Any CPU
		{7BB024F9-1E9B-47EA-A623-D9B3CAE969C7}.Release|Any CPU.ActiveCfg = Release|Any CPU
		{7BB024F9-1E9B-47EA-A623-D9B3CAE969C7}.Release|Any CPU.Build.0 = Release|Any CPU
		{7BB024F9-1E9B-47EA-A623-D9B3CAE969C7}.Release|Mixed Platforms.ActiveCfg = Release|Any CPU
		{7BB024F9-1E9B-47EA-A623-D9B3CAE969C7}.Release|Mixed Platforms.Build.0 = Release|Any CPU
		{7BB024F9-1E9B-47EA-A623-D9B3CAE969C7}.Release|x86.ActiveCfg = Release|Any CPU
		{75A7AC92-B221-466A-B49E-74C2E11A07AA}.Debug|Any CPU.ActiveCfg = Debug|x86
		{75A7AC92-B221-466A-B49E-74C2E11A07AA}.Debug|Mixed Platforms.ActiveCfg = Debug|x86
		{75A7AC92-B221-466A-B49E-74C2E11A07AA}.Debug|Mixed Platforms.Build.0 = Debug|x86
		{75A7AC92-B221-466A-B49E-74C2E11A07AA}.Debug|x86.ActiveCfg = Debug|x86
		{75A7AC92-B221-466A-B49E-74C2E11A07AA}.Debug|x86.Build.0 = Debug|x86
		{75A7AC92-B221-466A-B49E-74C2E11A07AA}.Release|Any CPU.ActiveCfg = Release|x86
		{75A7AC92-B221-466A-B49E-74C2E11A07AA}.Release|Mixed Platforms.ActiveCfg = Release|x86
		{75A7AC92-B221-466A-B49E-74C2E11A07AA}.Release|Mixed Platforms.Build.0 = Release|x86
		{75A7AC92-B221-466A-B49E-74C2E11A07AA}.Release|x86.ActiveCfg = Release|x86
		{75A7AC92-B221-466A-B49E-74C2E11A07AA}.Release|x86.Build.0 = Release|x86
	EndGlobalSection
	GlobalSection(SolutionProperties) = preSolution
		HideSolutionNode = FALSE
	EndGlobalSection
EndGlobal
